// !$*UTF8*$!
{
	archiveVersion = 1;
	classes = {
	};
	objectVersion = 46;
	objects = {

/* Begin PBXBuildFile section */
		860955F619DCA45E00ECF43C /* freeform.cpp in Sources */ = {isa = PBXBuildFile; fileRef = 860955F419DCA45E00ECF43C /* freeform.cpp */; };
		860955F919DCAEC400ECF43C /* lagrange.cpp in Sources */ = {isa = PBXBuildFile; fileRef = 860955F719DCAEC400ECF43C /* lagrange.cpp */; };
		861A88F219CADE4D00E50E6C /* main.cpp in Sources */ = {isa = PBXBuildFile; fileRef = 861A88F119CADE4D00E50E6C /* main.cpp */; };
		861A890119CAE5D300E50E6C /* curve.cpp in Sources */ = {isa = PBXBuildFile; fileRef = 861A88FF19CAE5D300E50E6C /* curve.cpp */; };
		861A890419CAE5E600E50E6C /* circle.cpp in Sources */ = {isa = PBXBuildFile; fileRef = 861A890219CAE5E600E50E6C /* circle.cpp */; };
		861A890619CAEF2700E50E6C /* OpenGL.framework in Frameworks */ = {isa = PBXBuildFile; fileRef = 861A890519CAEF2700E50E6C /* OpenGL.framework */; };
		861A890819CAEF2C00E50E6C /* GLUT.framework in Frameworks */ = {isa = PBXBuildFile; fileRef = 861A890719CAEF2C00E50E6C /* GLUT.framework */; };
		863C4E0219E3313100E4A82D /* WindowManager.cpp in Sources */ = {isa = PBXBuildFile; fileRef = 863C4E0019E3313100E4A82D /* WindowManager.cpp */; };
		863C4E0519E3314900E4A82D /* Window.cpp in Sources */ = {isa = PBXBuildFile; fileRef = 863C4E0319E3314900E4A82D /* Window.cpp */; };
		863C4E0B19E3316A00E4A82D /* ToolWindow.cpp in Sources */ = {isa = PBXBuildFile; fileRef = 863C4E0919E3316A00E4A82D /* ToolWindow.cpp */; };
		863C4E0E19E3317F00E4A82D /* DrawWindow.cpp in Sources */ = {isa = PBXBuildFile; fileRef = 863C4E0C19E3317F00E4A82D /* DrawWindow.cpp */; };
		866C086919D4225E00D43256 /* crazycurve.cpp in Sources */ = {isa = PBXBuildFile; fileRef = 866C086719D4225E00D43256 /* crazycurve.cpp */; };
		866C086C19D429DB00D43256 /* bezier.cpp in Sources */ = {isa = PBXBuildFile; fileRef = 866C086A19D429DB00D43256 /* bezier.cpp */; };
		8678CE9E19E5F5FB00F7E5B8 /* StateManager.cpp in Sources */ = {isa = PBXBuildFile; fileRef = 8678CE9C19E5F5FB00F7E5B8 /* StateManager.cpp */; };
		8678CEA119E5FE9700F7E5B8 /* View.cpp in Sources */ = {isa = PBXBuildFile; fileRef = 8678CE9F19E5FE9700F7E5B8 /* View.cpp */; };
		8678CEA519E60BB300F7E5B8 /* ToolView.cpp in Sources */ = {isa = PBXBuildFile; fileRef = 8678CEA319E60BB300F7E5B8 /* ToolView.cpp */; };
		8678CEAA19E69EAE00F7E5B8 /* ModeView.cpp in Sources */ = {isa = PBXBuildFile; fileRef = 8678CEA819E69EAE00F7E5B8 /* ModeView.cpp */; };
		86B91CE319EF0CA4004FE5B5 /* polyline.cpp in Sources */ = {isa = PBXBuildFile; fileRef = 86B91CE119EF0CA4004FE5B5 /* polyline.cpp */; };
		86F890E619EAF8BE00D1E5D0 /* catmullclark.cpp in Sources */ = {isa = PBXBuildFile; fileRef = 86F890E419EAF8BE00D1E5D0 /* catmullclark.cpp */; };
		86F890E919EAF8C700D1E5D0 /* catmullrom.cpp in Sources */ = {isa = PBXBuildFile; fileRef = 86F890E719EAF8C700D1E5D0 /* catmullrom.cpp */; };
		86F890EC19EAF8E600D1E5D0 /* hermiteinterp.cpp in Sources */ = {isa = PBXBuildFile; fileRef = 86F890EA19EAF8E600D1E5D0 /* hermiteinterp.cpp */; };
/* End PBXBuildFile section */

/* Begin PBXCopyFilesBuildPhase section */
		861A88EC19CADE4D00E50E6C /* CopyFiles */ = {
			isa = PBXCopyFilesBuildPhase;
			buildActionMask = 2147483647;
			dstPath = /usr/share/man/man1/;
			dstSubfolderSpec = 0;
			files = (
			);
			runOnlyForDeploymentPostprocessing = 1;
		};
/* End PBXCopyFilesBuildPhase section */

/* Begin PBXFileReference section */
		860955F419DCA45E00ECF43C /* freeform.cpp */ = {isa = PBXFileReference; fileEncoding = 4; lastKnownFileType = sourcecode.cpp.cpp; path = freeform.cpp; sourceTree = "<group>"; };
		860955F519DCA45E00ECF43C /* freeform.h */ = {isa = PBXFileReference; fileEncoding = 4; lastKnownFileType = sourcecode.c.h; path = freeform.h; sourceTree = "<group>"; };
		860955F719DCAEC400ECF43C /* lagrange.cpp */ = {isa = PBXFileReference; fileEncoding = 4; lastKnownFileType = sourcecode.cpp.cpp; path = lagrange.cpp; sourceTree = "<group>"; };
		860955F819DCAEC400ECF43C /* lagrange.h */ = {isa = PBXFileReference; fileEncoding = 4; lastKnownFileType = sourcecode.c.h; path = lagrange.h; sourceTree = "<group>"; };
		861A88EE19CADE4D00E50E6C /* curves */ = {isa = PBXFileReference; explicitFileType = "compiled.mach-o.executable"; includeInIndex = 0; path = curves; sourceTree = BUILT_PRODUCTS_DIR; };
		861A88F119CADE4D00E50E6C /* main.cpp */ = {isa = PBXFileReference; lastKnownFileType = sourcecode.cpp.cpp; name = main.cpp; path = curves/main.cpp; sourceTree = "<group>"; };
		861A88F819CADE8400E50E6C /* float2.h */ = {isa = PBXFileReference; lastKnownFileType = sourcecode.c.h; name = float2.h; path = curves/float2.h; sourceTree = "<group>"; };
		861A88FF19CAE5D300E50E6C /* curve.cpp */ = {isa = PBXFileReference; fileEncoding = 4; lastKnownFileType = sourcecode.cpp.cpp; path = curve.cpp; sourceTree = "<group>"; };
		861A890019CAE5D300E50E6C /* curve.h */ = {isa = PBXFileReference; fileEncoding = 4; lastKnownFileType = sourcecode.c.h; path = curve.h; sourceTree = "<group>"; };
		861A890219CAE5E600E50E6C /* circle.cpp */ = {isa = PBXFileReference; fileEncoding = 4; lastKnownFileType = sourcecode.cpp.cpp; path = circle.cpp; sourceTree = "<group>"; };
		861A890319CAE5E600E50E6C /* circle.h */ = {isa = PBXFileReference; fileEncoding = 4; lastKnownFileType = sourcecode.c.h; path = circle.h; sourceTree = "<group>"; };
		861A890519CAEF2700E50E6C /* OpenGL.framework */ = {isa = PBXFileReference; lastKnownFileType = wrapper.framework; name = OpenGL.framework; path = System/Library/Frameworks/OpenGL.framework; sourceTree = SDKROOT; };
		861A890719CAEF2C00E50E6C /* GLUT.framework */ = {isa = PBXFileReference; lastKnownFileType = wrapper.framework; name = GLUT.framework; path = System/Library/Frameworks/GLUT.framework; sourceTree = SDKROOT; };
		863C4E0019E3313100E4A82D /* WindowManager.cpp */ = {isa = PBXFileReference; fileEncoding = 4; lastKnownFileType = sourcecode.cpp.cpp; name = WindowManager.cpp; path = curves/WindowManager.cpp; sourceTree = "<group>"; };
		863C4E0119E3313100E4A82D /* WindowManager.h */ = {isa = PBXFileReference; fileEncoding = 4; lastKnownFileType = sourcecode.c.h; name = WindowManager.h; path = curves/WindowManager.h; sourceTree = "<group>"; };
		863C4E0319E3314900E4A82D /* Window.cpp */ = {isa = PBXFileReference; fileEncoding = 4; lastKnownFileType = sourcecode.cpp.cpp; name = Window.cpp; path = curves/Window.cpp; sourceTree = "<group>"; };
		863C4E0419E3314900E4A82D /* Window.h */ = {isa = PBXFileReference; fileEncoding = 4; lastKnownFileType = sourcecode.c.h; name = Window.h; path = curves/Window.h; sourceTree = "<group>"; };
		863C4E0919E3316A00E4A82D /* ToolWindow.cpp */ = {isa = PBXFileReference; fileEncoding = 4; lastKnownFileType = sourcecode.cpp.cpp; name = ToolWindow.cpp; path = curves/ToolWindow.cpp; sourceTree = "<group>"; };
		863C4E0A19E3316A00E4A82D /* ToolWindow.h */ = {isa = PBXFileReference; fileEncoding = 4; lastKnownFileType = sourcecode.c.h; name = ToolWindow.h; path = curves/ToolWindow.h; sourceTree = "<group>"; };
		863C4E0C19E3317F00E4A82D /* DrawWindow.cpp */ = {isa = PBXFileReference; fileEncoding = 4; lastKnownFileType = sourcecode.cpp.cpp; name = DrawWindow.cpp; path = curves/DrawWindow.cpp; sourceTree = "<group>"; };
		863C4E0D19E3317F00E4A82D /* DrawWindow.h */ = {isa = PBXFileReference; fileEncoding = 4; lastKnownFileType = sourcecode.c.h; name = DrawWindow.h; path = curves/DrawWindow.h; sourceTree = "<group>"; };
		866C086719D4225E00D43256 /* crazycurve.cpp */ = {isa = PBXFileReference; fileEncoding = 4; lastKnownFileType = sourcecode.cpp.cpp; path = crazycurve.cpp; sourceTree = "<group>"; };
		866C086819D4225E00D43256 /* crazycurve.h */ = {isa = PBXFileReference; fileEncoding = 4; lastKnownFileType = sourcecode.c.h; path = crazycurve.h; sourceTree = "<group>"; };
		866C086A19D429DB00D43256 /* bezier.cpp */ = {isa = PBXFileReference; fileEncoding = 4; lastKnownFileType = sourcecode.cpp.cpp; path = bezier.cpp; sourceTree = "<group>"; };
		866C086B19D429DB00D43256 /* bezier.h */ = {isa = PBXFileReference; fileEncoding = 4; lastKnownFileType = sourcecode.c.h; path = bezier.h; sourceTree = "<group>"; };
		8678CE9C19E5F5FB00F7E5B8 /* StateManager.cpp */ = {isa = PBXFileReference; fileEncoding = 4; lastKnownFileType = sourcecode.cpp.cpp; name = StateManager.cpp; path = curves/StateManager.cpp; sourceTree = "<group>"; };
		8678CE9D19E5F5FB00F7E5B8 /* StateManager.h */ = {isa = PBXFileReference; fileEncoding = 4; lastKnownFileType = sourcecode.c.h; name = StateManager.h; path = curves/StateManager.h; sourceTree = "<group>"; };
		8678CE9F19E5FE9700F7E5B8 /* View.cpp */ = {isa = PBXFileReference; fileEncoding = 4; lastKnownFileType = sourcecode.cpp.cpp; name = View.cpp; path = curves/View.cpp; sourceTree = "<group>"; };
		8678CEA019E5FE9700F7E5B8 /* View.h */ = {isa = PBXFileReference; fileEncoding = 4; lastKnownFileType = sourcecode.c.h; name = View.h; path = curves/View.h; sourceTree = "<group>"; };
		8678CEA319E60BB300F7E5B8 /* ToolView.cpp */ = {isa = PBXFileReference; fileEncoding = 4; lastKnownFileType = sourcecode.cpp.cpp; name = ToolView.cpp; path = curves/ToolView.cpp; sourceTree = "<group>"; };
		8678CEA419E60BB300F7E5B8 /* ToolView.h */ = {isa = PBXFileReference; fileEncoding = 4; lastKnownFileType = sourcecode.c.h; name = ToolView.h; path = curves/ToolView.h; sourceTree = "<group>"; };
		8678CEA619E686DD00F7E5B8 /* README.md */ = {isa = PBXFileReference; fileEncoding = 4; lastKnownFileType = net.daringfireball.markdown; path = README.md; sourceTree = "<group>"; };
		8678CEA819E69EAE00F7E5B8 /* ModeView.cpp */ = {isa = PBXFileReference; fileEncoding = 4; lastKnownFileType = sourcecode.cpp.cpp; name = ModeView.cpp; path = curves/ModeView.cpp; sourceTree = "<group>"; };
		8678CEA919E69EAE00F7E5B8 /* ModeView.h */ = {isa = PBXFileReference; fileEncoding = 4; lastKnownFileType = sourcecode.c.h; name = ModeView.h; path = curves/ModeView.h; sourceTree = "<group>"; };
		86B91CE119EF0CA4004FE5B5 /* polyline.cpp */ = {isa = PBXFileReference; fileEncoding = 4; lastKnownFileType = sourcecode.cpp.cpp; path = polyline.cpp; sourceTree = "<group>"; };
		86B91CE219EF0CA4004FE5B5 /* polyline.h */ = {isa = PBXFileReference; fileEncoding = 4; lastKnownFileType = sourcecode.c.h; path = polyline.h; sourceTree = "<group>"; };
		86F890E419EAF8BE00D1E5D0 /* catmullclark.cpp */ = {isa = PBXFileReference; fileEncoding = 4; lastKnownFileType = sourcecode.cpp.cpp; path = catmullclark.cpp; sourceTree = "<group>"; };
		86F890E519EAF8BE00D1E5D0 /* catmullclark.h */ = {isa = PBXFileReference; fileEncoding = 4; lastKnownFileType = sourcecode.c.h; path = catmullclark.h; sourceTree = "<group>"; };
		86F890E719EAF8C700D1E5D0 /* catmullrom.cpp */ = {isa = PBXFileReference; fileEncoding = 4; lastKnownFileType = sourcecode.cpp.cpp; path = catmullrom.cpp; sourceTree = "<group>"; };
		86F890E819EAF8C700D1E5D0 /* catmullrom.h */ = {isa = PBXFileReference; fileEncoding = 4; lastKnownFileType = sourcecode.c.h; path = catmullrom.h; sourceTree = "<group>"; };
		86F890EA19EAF8E600D1E5D0 /* hermiteinterp.cpp */ = {isa = PBXFileReference; fileEncoding = 4; lastKnownFileType = sourcecode.cpp.cpp; path = hermiteinterp.cpp; sourceTree = "<group>"; };
		86F890EB19EAF8E600D1E5D0 /* hermiteinterp.h */ = {isa = PBXFileReference; fileEncoding = 4; lastKnownFileType = sourcecode.c.h; path = hermiteinterp.h; sourceTree = "<group>"; };
/* End PBXFileReference section */

/* Begin PBXFrameworksBuildPhase section */
		861A88EB19CADE4D00E50E6C /* Frameworks */ = {
			isa = PBXFrameworksBuildPhase;
			buildActionMask = 2147483647;
			files = (
				861A890819CAEF2C00E50E6C /* GLUT.framework in Frameworks */,
				861A890619CAEF2700E50E6C /* OpenGL.framework in Frameworks */,
			);
			runOnlyForDeploymentPostprocessing = 0;
		};
/* End PBXFrameworksBuildPhase section */

/* Begin PBXGroup section */
		861A88E519CADE4D00E50E6C = {
			isa = PBXGroup;
			children = (
				8678CEA619E686DD00F7E5B8 /* README.md */,
				863C4DFF19E3310800E4A82D /* Curve Editor */,
				861A88EF19CADE4D00E50E6C /* Products */,
				861A890719CAEF2C00E50E6C /* GLUT.framework */,
				861A890519CAEF2700E50E6C /* OpenGL.framework */,
			);
			sourceTree = "<group>";
		};
		861A88EF19CADE4D00E50E6C /* Products */ = {
			isa = PBXGroup;
			children = (
				861A88EE19CADE4D00E50E6C /* curves */,
			);
			name = Products;
			sourceTree = "<group>";
		};
		861A88F019CADE4D00E50E6C /* curves */ = {
			isa = PBXGroup;
			children = (
				861A890019CAE5D300E50E6C /* curve.h */,
				861A88FF19CAE5D300E50E6C /* curve.cpp */,
				861A890319CAE5E600E50E6C /* circle.h */,
				861A890219CAE5E600E50E6C /* circle.cpp */,
				866C086819D4225E00D43256 /* crazycurve.h */,
				866C086719D4225E00D43256 /* crazycurve.cpp */,
				860955F519DCA45E00ECF43C /* freeform.h */,
				860955F419DCA45E00ECF43C /* freeform.cpp */,
				86B91CE219EF0CA4004FE5B5 /* polyline.h */,
				86B91CE119EF0CA4004FE5B5 /* polyline.cpp */,
				866C086B19D429DB00D43256 /* bezier.h */,
				866C086A19D429DB00D43256 /* bezier.cpp */,
				860955F819DCAEC400ECF43C /* lagrange.h */,
				860955F719DCAEC400ECF43C /* lagrange.cpp */,
				86F890E519EAF8BE00D1E5D0 /* catmullclark.h */,
				86F890E419EAF8BE00D1E5D0 /* catmullclark.cpp */,
				86F890EB19EAF8E600D1E5D0 /* hermiteinterp.h */,
				86F890EA19EAF8E600D1E5D0 /* hermiteinterp.cpp */,
				86F890E819EAF8C700D1E5D0 /* catmullrom.h */,
				86F890E719EAF8C700D1E5D0 /* catmullrom.cpp */,
			);
			path = curves;
			sourceTree = "<group>";
		};
		863C4DFF19E3310800E4A82D /* Curve Editor */ = {
			isa = PBXGroup;
			children = (
				861A88F119CADE4D00E50E6C /* main.cpp */,
				863C4E1019E333EF00E4A82D /* windows */,
				8678CEA219E5FEA400F7E5B8 /* views */,
				861A88F019CADE4D00E50E6C /* curves */,
				863C4E0F19E333DA00E4A82D /* utils */,
			);
			name = "Curve Editor";
			sourceTree = "<group>";
		};
		863C4E0F19E333DA00E4A82D /* utils */ = {
			isa = PBXGroup;
			children = (
				861A88F819CADE8400E50E6C /* float2.h */,
			);
			name = utils;
			sourceTree = "<group>";
		};
		863C4E1019E333EF00E4A82D /* windows */ = {
			isa = PBXGroup;
			children = (
				863C4E0119E3313100E4A82D /* WindowManager.h */,
				863C4E0019E3313100E4A82D /* WindowManager.cpp */,
				8678CE9D19E5F5FB00F7E5B8 /* StateManager.h */,
				8678CE9C19E5F5FB00F7E5B8 /* StateManager.cpp */,
				863C4E0419E3314900E4A82D /* Window.h */,
				863C4E0319E3314900E4A82D /* Window.cpp */,
				863C4E0D19E3317F00E4A82D /* DrawWindow.h */,
				863C4E0C19E3317F00E4A82D /* DrawWindow.cpp */,
				863C4E0A19E3316A00E4A82D /* ToolWindow.h */,
				863C4E0919E3316A00E4A82D /* ToolWindow.cpp */,
			);
			name = windows;
			sourceTree = "<group>";
		};
		8678CEA219E5FEA400F7E5B8 /* views */ = {
			isa = PBXGroup;
			children = (
				8678CEA019E5FE9700F7E5B8 /* View.h */,
				8678CE9F19E5FE9700F7E5B8 /* View.cpp */,
				8678CEA419E60BB300F7E5B8 /* ToolView.h */,
				8678CEA319E60BB300F7E5B8 /* ToolView.cpp */,
				8678CEA919E69EAE00F7E5B8 /* ModeView.h */,
				8678CEA819E69EAE00F7E5B8 /* ModeView.cpp */,
			);
			name = views;
			sourceTree = "<group>";
		};
/* End PBXGroup section */

/* Begin PBXNativeTarget section */
		861A88ED19CADE4D00E50E6C /* curves */ = {
			isa = PBXNativeTarget;
			buildConfigurationList = 861A88F519CADE4D00E50E6C /* Build configuration list for PBXNativeTarget "curves" */;
			buildPhases = (
				861A88EA19CADE4D00E50E6C /* Sources */,
				861A88EB19CADE4D00E50E6C /* Frameworks */,
				861A88EC19CADE4D00E50E6C /* CopyFiles */,
			);
			buildRules = (
			);
			dependencies = (
			);
			name = curves;
			productName = curves;
			productReference = 861A88EE19CADE4D00E50E6C /* curves */;
			productType = "com.apple.product-type.tool";
		};
/* End PBXNativeTarget section */

/* Begin PBXProject section */
		861A88E619CADE4D00E50E6C /* Project object */ = {
			isa = PBXProject;
			attributes = {
				LastUpgradeCheck = 0600;
				ORGANIZATIONNAME = "Aaron Taylor";
				TargetAttributes = {
					861A88ED19CADE4D00E50E6C = {
						CreatedOnToolsVersion = 6.0;
					};
				};
			};
			buildConfigurationList = 861A88E919CADE4D00E50E6C /* Build configuration list for PBXProject "curves" */;
			compatibilityVersion = "Xcode 3.2";
			developmentRegion = English;
			hasScannedForEncodings = 0;
			knownRegions = (
				en,
			);
			mainGroup = 861A88E519CADE4D00E50E6C;
			productRefGroup = 861A88EF19CADE4D00E50E6C /* Products */;
			projectDirPath = "";
			projectRoot = "";
			targets = (
				861A88ED19CADE4D00E50E6C /* curves */,
			);
		};
/* End PBXProject section */

/* Begin PBXSourcesBuildPhase section */
		861A88EA19CADE4D00E50E6C /* Sources */ = {
			isa = PBXSourcesBuildPhase;
			buildActionMask = 2147483647;
			files = (
				86F890E619EAF8BE00D1E5D0 /* catmullclark.cpp in Sources */,
				86B91CE319EF0CA4004FE5B5 /* polyline.cpp in Sources */,
				861A890419CAE5E600E50E6C /* circle.cpp in Sources */,
				8678CEAA19E69EAE00F7E5B8 /* ModeView.cpp in Sources */,
				866C086C19D429DB00D43256 /* bezier.cpp in Sources */,
				863C4E0E19E3317F00E4A82D /* DrawWindow.cpp in Sources */,
				866C086919D4225E00D43256 /* crazycurve.cpp in Sources */,
				860955F619DCA45E00ECF43C /* freeform.cpp in Sources */,
				863C4E0519E3314900E4A82D /* Window.cpp in Sources */,
				861A88F219CADE4D00E50E6C /* main.cpp in Sources */,
				863C4E0219E3313100E4A82D /* WindowManager.cpp in Sources */,
				8678CEA519E60BB300F7E5B8 /* ToolView.cpp in Sources */,
				8678CEA119E5FE9700F7E5B8 /* View.cpp in Sources */,
				861A890119CAE5D300E50E6C /* curve.cpp in Sources */,
				8678CE9E19E5F5FB00F7E5B8 /* StateManager.cpp in Sources */,
				86F890EC19EAF8E600D1E5D0 /* hermiteinterp.cpp in Sources */,
				86F890E919EAF8C700D1E5D0 /* catmullrom.cpp in Sources */,
				860955F919DCAEC400ECF43C /* lagrange.cpp in Sources */,
				863C4E0B19E3316A00E4A82D /* ToolWindow.cpp in Sources */,
			);
			runOnlyForDeploymentPostprocessing = 0;
		};
/* End PBXSourcesBuildPhase section */

/* Begin XCBuildConfiguration section */
		861A88F319CADE4D00E50E6C /* Debug */ = {
			isa = XCBuildConfiguration;
			buildSettings = {
				ALWAYS_SEARCH_USER_PATHS = NO;
				CLANG_CXX_LANGUAGE_STANDARD = "gnu++0x";
				CLANG_CXX_LIBRARY = "libc++";
				CLANG_ENABLE_MODULES = YES;
				CLANG_ENABLE_OBJC_ARC = YES;
				CLANG_WARN_BOOL_CONVERSION = YES;
				CLANG_WARN_CONSTANT_CONVERSION = YES;
				CLANG_WARN_DIRECT_OBJC_ISA_USAGE = YES_ERROR;
				CLANG_WARN_EMPTY_BODY = YES;
				CLANG_WARN_ENUM_CONVERSION = YES;
				CLANG_WARN_INT_CONVERSION = YES;
				CLANG_WARN_OBJC_ROOT_CLASS = YES_ERROR;
				CLANG_WARN_UNREACHABLE_CODE = YES;
				CLANG_WARN__DUPLICATE_METHOD_MATCH = YES;
				COPY_PHASE_STRIP = NO;
				ENABLE_STRICT_OBJC_MSGSEND = YES;
				GCC_C_LANGUAGE_STANDARD = gnu99;
				GCC_DYNAMIC_NO_PIC = NO;
				GCC_OPTIMIZATION_LEVEL = 0;
				GCC_PREPROCESSOR_DEFINITIONS = (
					"DEBUG=1",
					"$(inherited)",
				);
				GCC_SYMBOLS_PRIVATE_EXTERN = NO;
				GCC_WARN_64_TO_32_BIT_CONVERSION = YES;
				GCC_WARN_ABOUT_RETURN_TYPE = YES_ERROR;
				GCC_WARN_UNDECLARED_SELECTOR = YES;
				GCC_WARN_UNINITIALIZED_AUTOS = YES_AGGRESSIVE;
				GCC_WARN_UNUSED_FUNCTION = YES;
				GCC_WARN_UNUSED_VARIABLE = YES;
				MACOSX_DEPLOYMENT_TARGET = 10.9;
				MTL_ENABLE_DEBUG_INFO = YES;
				ONLY_ACTIVE_ARCH = YES;
				SDKROOT = macosx;
			};
			name = Debug;
		};
		861A88F419CADE4D00E50E6C /* Release */ = {
			isa = XCBuildConfiguration;
			buildSettings = {
				ALWAYS_SEARCH_USER_PATHS = NO;
				CLANG_CXX_LANGUAGE_STANDARD = "gnu++0x";
				CLANG_CXX_LIBRARY = "libc++";
				CLANG_ENABLE_MODULES = YES;
				CLANG_ENABLE_OBJC_ARC = YES;
				CLANG_WARN_BOOL_CONVERSION = YES;
				CLANG_WARN_CONSTANT_CONVERSION = YES;
				CLANG_WARN_DIRECT_OBJC_ISA_USAGE = YES_ERROR;
				CLANG_WARN_EMPTY_BODY = YES;
				CLANG_WARN_ENUM_CONVERSION = YES;
				CLANG_WARN_INT_CONVERSION = YES;
				CLANG_WARN_OBJC_ROOT_CLASS = YES_ERROR;
				CLANG_WARN_UNREACHABLE_CODE = YES;
				CLANG_WARN__DUPLICATE_METHOD_MATCH = YES;
				COPY_PHASE_STRIP = YES;
				DEBUG_INFORMATION_FORMAT = "dwarf-with-dsym";
				ENABLE_NS_ASSERTIONS = NO;
				ENABLE_STRICT_OBJC_MSGSEND = YES;
				GCC_C_LANGUAGE_STANDARD = gnu99;
				GCC_WARN_64_TO_32_BIT_CONVERSION = YES;
				GCC_WARN_ABOUT_RETURN_TYPE = YES_ERROR;
				GCC_WARN_UNDECLARED_SELECTOR = YES;
				GCC_WARN_UNINITIALIZED_AUTOS = YES_AGGRESSIVE;
				GCC_WARN_UNUSED_FUNCTION = YES;
				GCC_WARN_UNUSED_VARIABLE = YES;
				MACOSX_DEPLOYMENT_TARGET = 10.9;
				MTL_ENABLE_DEBUG_INFO = NO;
				SDKROOT = macosx;
			};
			name = Release;
		};
		861A88F619CADE4D00E50E6C /* Debug */ = {
			isa = XCBuildConfiguration;
			buildSettings = {
				GCC_WARN_ABOUT_DEPRECATED_FUNCTIONS = NO;
				PRODUCT_NAME = "$(TARGET_NAME)";
			};
			name = Debug;
		};
		861A88F719CADE4D00E50E6C /* Release */ = {
			isa = XCBuildConfiguration;
			buildSettings = {
				GCC_WARN_ABOUT_DEPRECATED_FUNCTIONS = NO;
				PRODUCT_NAME = "$(TARGET_NAME)";
			};
			name = Release;
		};
/* End XCBuildConfiguration section */

/* Begin XCConfigurationList section */
		861A88E919CADE4D00E50E6C /* Build configuration list for PBXProject "curves" */ = {
			isa = XCConfigurationList;
			buildConfigurations = (
				861A88F319CADE4D00E50E6C /* Debug */,
				861A88F419CADE4D00E50E6C /* Release */,
			);
			defaultConfigurationIsVisible = 0;
			defaultConfigurationName = Release;
		};
		861A88F519CADE4D00E50E6C /* Build configuration list for PBXNativeTarget "curves" */ = {
			isa = XCConfigurationList;
			buildConfigurations = (
				861A88F619CADE4D00E50E6C /* Debug */,
				861A88F719CADE4D00E50E6C /* Release */,
			);
			defaultConfigurationIsVisible = 0;
			defaultConfigurationName = Release;
		};
/* End XCConfigurationList section */
	};
	rootObject = 861A88E619CADE4D00E50E6C /* Project object */;
}
